
Microsoft Visual Studio Solution File, Format Version 12.00
# Visual Studio Version 16
VisualStudioVersion = 16.0.30413.136
MinimumVisualStudioVersion = 10.0.40219.1
Project("{888888A0-9F3D-457C-B088-3A5042F75D52}") = "Pong", "Pong\Pong.pyproj", "{61F09558-7ED8-4A67-9FC6-BD7F4D4F3F8F}"
EndProject
Global
	GlobalSection(SolutionConfigurationPlatforms) = preSolution
		Debug|Any CPU = Debug|Any CPU
		Release|Any CPU = Release|Any CPU
	EndGlobalSection
	GlobalSection(ProjectConfigurationPlatforms) = postSolution
		{61F09558-7ED8-4A67-9FC6-BD7F4D4F3F8F}.Debug|Any CPU.ActiveCfg = Debug|Any CPU
		{61F09558-7ED8-4A67-9FC6-BD7F4D4F3F8F}.Release|Any CPU.ActiveCfg = Release|Any CPU
	EndGlobalSection
	GlobalSection(SolutionProperties) = preSolution
		HideSolutionNode = FALSE
	EndGlobalSection
	GlobalSection(ExtensibilityGlobals) = postSolution
		SolutionGuid = {BB5C779F-C9B4-47CF-9724-42F62F2AAD74}
	EndGlobalSection
EndGlobal
